// !$*UTF8*$!
{
	archiveVersion = 1;
	classes = {
	};
	objectVersion = 50;
	objects = {

/* Begin PBXBuildFile section */
		B166600D2123BD7900526DFF /* AppDelegate.swift in Sources */ = {isa = PBXBuildFile; fileRef = B166600C2123BD7900526DFF /* AppDelegate.swift */; };
		B166600F2123BD7900526DFF /* TasksVC.swift in Sources */ = {isa = PBXBuildFile; fileRef = B166600E2123BD7900526DFF /* TasksVC.swift */; };
		B16660122123BD7900526DFF /* Main.storyboard in Resources */ = {isa = PBXBuildFile; fileRef = B16660102123BD7900526DFF /* Main.storyboard */; };
		B16660152123BD7900526DFF /* TaskBuddyBeta1.xcdatamodeld in Sources */ = {isa = PBXBuildFile; fileRef = B16660132123BD7900526DFF /* TaskBuddyBeta1.xcdatamodeld */; };
		B16660172123BD7B00526DFF /* Assets.xcassets in Resources */ = {isa = PBXBuildFile; fileRef = B16660162123BD7B00526DFF /* Assets.xcassets */; };
		B166601A2123BD7B00526DFF /* LaunchScreen.storyboard in Resources */ = {isa = PBXBuildFile; fileRef = B16660182123BD7B00526DFF /* LaunchScreen.storyboard */; };
		B16660252123BD7B00526DFF /* TaskBuddyBeta1Tests.swift in Sources */ = {isa = PBXBuildFile; fileRef = B16660242123BD7B00526DFF /* TaskBuddyBeta1Tests.swift */; };
		B16660302123BD7B00526DFF /* TaskBuddyBeta1UITests.swift in Sources */ = {isa = PBXBuildFile; fileRef = B166602F2123BD7B00526DFF /* TaskBuddyBeta1UITests.swift */; };
		B16660412123C54200526DFF /* TaskCell.swift in Sources */ = {isa = PBXBuildFile; fileRef = B16660402123C54200526DFF /* TaskCell.swift */; };
		B16660432123CA0500526DFF /* DBService.swift in Sources */ = {isa = PBXBuildFile; fileRef = B16660422123CA0500526DFF /* DBService.swift */; };
		B16660452123CC9600526DFF /* AddTaskVC.swift in Sources */ = {isa = PBXBuildFile; fileRef = B16660442123CC9600526DFF /* AddTaskVC.swift */; };
		B16660482123D55800526DFF /* Task+CoreDataClass.swift in Sources */ = {isa = PBXBuildFile; fileRef = B16660462123D55800526DFF /* Task+CoreDataClass.swift */; };
		B16660492123D55800526DFF /* Task+CoreDataProperties.swift in Sources */ = {isa = PBXBuildFile; fileRef = B16660472123D55800526DFF /* Task+CoreDataProperties.swift */; };
/* End PBXBuildFile section */

/* Begin PBXContainerItemProxy section */
		B16660212123BD7B00526DFF /* PBXContainerItemProxy */ = {
			isa = PBXContainerItemProxy;
			containerPortal = B16660012123BD7900526DFF /* Project object */;
			proxyType = 1;
			remoteGlobalIDString = B16660082123BD7900526DFF;
			remoteInfo = TaskBuddyBeta1;
		};
		B166602C2123BD7B00526DFF /* PBXContainerItemProxy */ = {
			isa = PBXContainerItemProxy;
			containerPortal = B16660012123BD7900526DFF /* Project object */;
			proxyType = 1;
			remoteGlobalIDString = B16660082123BD7900526DFF;
			remoteInfo = TaskBuddyBeta1;
		};
/* End PBXContainerItemProxy section */

/* Begin PBXFileReference section */
		B16660092123BD7900526DFF /* TaskBuddyBeta1.app */ = {isa = PBXFileReference; explicitFileType = wrapper.application; includeInIndex = 0; path = TaskBuddyBeta1.app; sourceTree = BUILT_PRODUCTS_DIR; };
		B166600C2123BD7900526DFF /* AppDelegate.swift */ = {isa = PBXFileReference; lastKnownFileType = sourcecode.swift; path = AppDelegate.swift; sourceTree = "<group>"; };
		B166600E2123BD7900526DFF /* TasksVC.swift */ = {isa = PBXFileReference; lastKnownFileType = sourcecode.swift; path = TasksVC.swift; sourceTree = "<group>"; };
		B16660112123BD7900526DFF /* Base */ = {isa = PBXFileReference; lastKnownFileType = file.storyboard; name = Base; path = Base.lproj/Main.storyboard; sourceTree = "<group>"; };
		B16660142123BD7900526DFF /* TaskBuddyBeta1.xcdatamodel */ = {isa = PBXFileReference; lastKnownFileType = wrapper.xcdatamodel; path = TaskBuddyBeta1.xcdatamodel; sourceTree = "<group>"; };
		B16660162123BD7B00526DFF /* Assets.xcassets */ = {isa = PBXFileReference; lastKnownFileType = folder.assetcatalog; path = Assets.xcassets; sourceTree = "<group>"; };
		B16660192123BD7B00526DFF /* Base */ = {isa = PBXFileReference; lastKnownFileType = file.storyboard; name = Base; path = Base.lproj/LaunchScreen.storyboard; sourceTree = "<group>"; };
		B166601B2123BD7B00526DFF /* Info.plist */ = {isa = PBXFileReference; lastKnownFileType = text.plist.xml; path = Info.plist; sourceTree = "<group>"; };
		B16660202123BD7B00526DFF /* TaskBuddyBeta1Tests.xctest */ = {isa = PBXFileReference; explicitFileType = wrapper.cfbundle; includeInIndex = 0; path = TaskBuddyBeta1Tests.xctest; sourceTree = BUILT_PRODUCTS_DIR; };
		B16660242123BD7B00526DFF /* TaskBuddyBeta1Tests.swift */ = {isa = PBXFileReference; lastKnownFileType = sourcecode.swift; path = TaskBuddyBeta1Tests.swift; sourceTree = "<group>"; };
		B16660262123BD7B00526DFF /* Info.plist */ = {isa = PBXFileReference; lastKnownFileType = text.plist.xml; path = Info.plist; sourceTree = "<group>"; };
		B166602B2123BD7B00526DFF /* TaskBuddyBeta1UITests.xctest */ = {isa = PBXFileReference; explicitFileType = wrapper.cfbundle; includeInIndex = 0; path = TaskBuddyBeta1UITests.xctest; sourceTree = BUILT_PRODUCTS_DIR; };
		B166602F2123BD7B00526DFF /* TaskBuddyBeta1UITests.swift */ = {isa = PBXFileReference; lastKnownFileType = sourcecode.swift; path = TaskBuddyBeta1UITests.swift; sourceTree = "<group>"; };
		B16660312123BD7B00526DFF /* Info.plist */ = {isa = PBXFileReference; lastKnownFileType = text.plist.xml; path = Info.plist; sourceTree = "<group>"; };
		B16660402123C54200526DFF /* TaskCell.swift */ = {isa = PBXFileReference; lastKnownFileType = sourcecode.swift; path = TaskCell.swift; sourceTree = "<group>"; };
		B16660422123CA0500526DFF /* DBService.swift */ = {isa = PBXFileReference; lastKnownFileType = sourcecode.swift; path = DBService.swift; sourceTree = "<group>"; };
		B16660442123CC9600526DFF /* AddTaskVC.swift */ = {isa = PBXFileReference; lastKnownFileType = sourcecode.swift; path = AddTaskVC.swift; sourceTree = "<group>"; };
		B16660462123D55800526DFF /* Task+CoreDataClass.swift */ = {isa = PBXFileReference; lastKnownFileType = sourcecode.swift; path = "Task+CoreDataClass.swift"; sourceTree = "<group>"; };
		B16660472123D55800526DFF /* Task+CoreDataProperties.swift */ = {isa = PBXFileReference; lastKnownFileType = sourcecode.swift; path = "Task+CoreDataProperties.swift"; sourceTree = "<group>"; };
/* End PBXFileReference section */

/* Begin PBXFrameworksBuildPhase section */
		B16660062123BD7900526DFF /* Frameworks */ = {
			isa = PBXFrameworksBuildPhase;
			buildActionMask = 2147483647;
			files = (
			);
			runOnlyForDeploymentPostprocessing = 0;
		};
		B166601D2123BD7B00526DFF /* Frameworks */ = {
			isa = PBXFrameworksBuildPhase;
			buildActionMask = 2147483647;
			files = (
			);
			runOnlyForDeploymentPostprocessing = 0;
		};
		B16660282123BD7B00526DFF /* Frameworks */ = {
			isa = PBXFrameworksBuildPhase;
			buildActionMask = 2147483647;
			files = (
			);
			runOnlyForDeploymentPostprocessing = 0;
		};
/* End PBXFrameworksBuildPhase section */

/* Begin PBXGroup section */
		B16660002123BD7900526DFF = {
			isa = PBXGroup;
			children = (
				B166600B2123BD7900526DFF /* TaskBuddyBeta1 */,
				B16660232123BD7B00526DFF /* TaskBuddyBeta1Tests */,
				B166602E2123BD7B00526DFF /* TaskBuddyBeta1UITests */,
				B166600A2123BD7900526DFF /* Products */,
			);
			sourceTree = "<group>";
		};
		B166600A2123BD7900526DFF /* Products */ = {
			isa = PBXGroup;
			children = (
				B16660092123BD7900526DFF /* TaskBuddyBeta1.app */,
				B16660202123BD7B00526DFF /* TaskBuddyBeta1Tests.xctest */,
				B166602B2123BD7B00526DFF /* TaskBuddyBeta1UITests.xctest */,
			);
			name = Products;
			sourceTree = "<group>";
		};
		B166600B2123BD7900526DFF /* TaskBuddyBeta1 */ = {
			isa = PBXGroup;
			children = (
				B166603F2123BE5100526DFF /* Model */,
				B166603E2123BE4F00526DFF /* View */,
				B166603D2123BE4900526DFF /* Controller */,
				B166600C2123BD7900526DFF /* AppDelegate.swift */,
				B16660162123BD7B00526DFF /* Assets.xcassets */,
				B16660182123BD7B00526DFF /* LaunchScreen.storyboard */,
				B166601B2123BD7B00526DFF /* Info.plist */,
			);
			path = TaskBuddyBeta1;
			sourceTree = "<group>";
		};
		B16660232123BD7B00526DFF /* TaskBuddyBeta1Tests */ = {
			isa = PBXGroup;
			children = (
				B16660242123BD7B00526DFF /* TaskBuddyBeta1Tests.swift */,
				B16660262123BD7B00526DFF /* Info.plist */,
			);
			path = TaskBuddyBeta1Tests;
			sourceTree = "<group>";
		};
		B166602E2123BD7B00526DFF /* TaskBuddyBeta1UITests */ = {
			isa = PBXGroup;
			children = (
				B166602F2123BD7B00526DFF /* TaskBuddyBeta1UITests.swift */,
				B16660312123BD7B00526DFF /* Info.plist */,
			);
			path = TaskBuddyBeta1UITests;
			sourceTree = "<group>";
		};
		B166603D2123BE4900526DFF /* Controller */ = {
			isa = PBXGroup;
			children = (
				B166600E2123BD7900526DFF /* TasksVC.swift */,
				B16660442123CC9600526DFF /* AddTaskVC.swift */,
			);
			path = Controller;
			sourceTree = "<group>";
		};
		B166603E2123BE4F00526DFF /* View */ = {
			isa = PBXGroup;
			children = (
				B16660402123C54200526DFF /* TaskCell.swift */,
				B16660102123BD7900526DFF /* Main.storyboard */,
			);
			path = View;
			sourceTree = "<group>";
		};
		B166603F2123BE5100526DFF /* Model */ = {
			isa = PBXGroup;
			children = (
				B16660462123D55800526DFF /* Task+CoreDataClass.swift */,
				B16660472123D55800526DFF /* Task+CoreDataProperties.swift */,
				B16660422123CA0500526DFF /* DBService.swift */,
				B16660132123BD7900526DFF /* TaskBuddyBeta1.xcdatamodeld */,
			);
			path = Model;
			sourceTree = "<group>";
		};
/* End PBXGroup section */

/* Begin PBXNativeTarget section */
		B16660082123BD7900526DFF /* TaskBuddyBeta1 */ = {
			isa = PBXNativeTarget;
			buildConfigurationList = B16660342123BD7B00526DFF /* Build configuration list for PBXNativeTarget "TaskBuddyBeta1" */;
			buildPhases = (
				B16660052123BD7900526DFF /* Sources */,
				B16660062123BD7900526DFF /* Frameworks */,
				B16660072123BD7900526DFF /* Resources */,
			);
			buildRules = (
			);
			dependencies = (
			);
			name = TaskBuddyBeta1;
			productName = TaskBuddyBeta1;
			productReference = B16660092123BD7900526DFF /* TaskBuddyBeta1.app */;
			productType = "com.apple.product-type.application";
		};
		B166601F2123BD7B00526DFF /* TaskBuddyBeta1Tests */ = {
			isa = PBXNativeTarget;
			buildConfigurationList = B16660372123BD7B00526DFF /* Build configuration list for PBXNativeTarget "TaskBuddyBeta1Tests" */;
			buildPhases = (
				B166601C2123BD7B00526DFF /* Sources */,
				B166601D2123BD7B00526DFF /* Frameworks */,
				B166601E2123BD7B00526DFF /* Resources */,
			);
			buildRules = (
			);
			dependencies = (
				B16660222123BD7B00526DFF /* PBXTargetDependency */,
			);
			name = TaskBuddyBeta1Tests;
			productName = TaskBuddyBeta1Tests;
			productReference = B16660202123BD7B00526DFF /* TaskBuddyBeta1Tests.xctest */;
			productType = "com.apple.product-type.bundle.unit-test";
		};
		B166602A2123BD7B00526DFF /* TaskBuddyBeta1UITests */ = {
			isa = PBXNativeTarget;
			buildConfigurationList = B166603A2123BD7B00526DFF /* Build configuration list for PBXNativeTarget "TaskBuddyBeta1UITests" */;
			buildPhases = (
				B16660272123BD7B00526DFF /* Sources */,
				B16660282123BD7B00526DFF /* Frameworks */,
				B16660292123BD7B00526DFF /* Resources */,
			);
			buildRules = (
			);
			dependencies = (
				B166602D2123BD7B00526DFF /* PBXTargetDependency */,
			);
			name = TaskBuddyBeta1UITests;
			productName = TaskBuddyBeta1UITests;
			productReference = B166602B2123BD7B00526DFF /* TaskBuddyBeta1UITests.xctest */;
			productType = "com.apple.product-type.bundle.ui-testing";
		};
/* End PBXNativeTarget section */

/* Begin PBXProject section */
		B16660012123BD7900526DFF /* Project object */ = {
			isa = PBXProject;
			attributes = {
				LastSwiftUpdateCheck = 0940;
				LastUpgradeCheck = 0940;
				ORGANIZATIONNAME = "Jonathan Compton";
				TargetAttributes = {
					B16660082123BD7900526DFF = {
						CreatedOnToolsVersion = 9.4.1;
					};
					B166601F2123BD7B00526DFF = {
						CreatedOnToolsVersion = 9.4.1;
						TestTargetID = B16660082123BD7900526DFF;
					};
					B166602A2123BD7B00526DFF = {
						CreatedOnToolsVersion = 9.4.1;
						TestTargetID = B16660082123BD7900526DFF;
					};
				};
			};
			buildConfigurationList = B16660042123BD7900526DFF /* Build configuration list for PBXProject "TaskBuddyBeta1" */;
			compatibilityVersion = "Xcode 9.3";
			developmentRegion = en;
			hasScannedForEncodings = 0;
			knownRegions = (
				en,
				Base,
			);
			mainGroup = B16660002123BD7900526DFF;
			productRefGroup = B166600A2123BD7900526DFF /* Products */;
			projectDirPath = "";
			projectRoot = "";
			targets = (
				B16660082123BD7900526DFF /* TaskBuddyBeta1 */,
				B166601F2123BD7B00526DFF /* TaskBuddyBeta1Tests */,
				B166602A2123BD7B00526DFF /* TaskBuddyBeta1UITests */,
			);
		};
/* End PBXProject section */

/* Begin PBXResourcesBuildPhase section */
		B16660072123BD7900526DFF /* Resources */ = {
			isa = PBXResourcesBuildPhase;
			buildActionMask = 2147483647;
			files = (
				B166601A2123BD7B00526DFF /* LaunchScreen.storyboard in Resources */,
				B16660172123BD7B00526DFF /* Assets.xcassets in Resources */,
				B16660122123BD7900526DFF /* Main.storyboard in Resources */,
			);
			runOnlyForDeploymentPostprocessing = 0;
		};
		B166601E2123BD7B00526DFF /* Resources */ = {
			isa = PBXResourcesBuildPhase;
			buildActionMask = 2147483647;
			files = (
			);
			runOnlyForDeploymentPostprocessing = 0;
		};
		B16660292123BD7B00526DFF /* Resources */ = {
			isa = PBXResourcesBuildPhase;
			buildActionMask = 2147483647;
			files = (
			);
			runOnlyForDeploymentPostprocessing = 0;
		};
/* End PBXResourcesBuildPhase section */

/* Begin PBXSourcesBuildPhase section */
		B16660052123BD7900526DFF /* Sources */ = {
			isa = PBXSourcesBuildPhase;
			buildActionMask = 2147483647;
			files = (
				B16660412123C54200526DFF /* TaskCell.swift in Sources */,
				B16660452123CC9600526DFF /* AddTaskVC.swift in Sources */,
				B16660482123D55800526DFF /* Task+CoreDataClass.swift in Sources */,
				B16660432123CA0500526DFF /* DBService.swift in Sources */,
				B166600F2123BD7900526DFF /* TasksVC.swift in Sources */,
				B16660152123BD7900526DFF /* TaskBuddyBeta1.xcdatamodeld in Sources */,
				B16660492123D55800526DFF /* Task+CoreDataProperties.swift in Sources */,
				B166600D2123BD7900526DFF /* AppDelegate.swift in Sources */,
			);
			runOnlyForDeploymentPostprocessing = 0;
		};
		B166601C2123BD7B00526DFF /* Sources */ = {
			isa = PBXSourcesBuildPhase;
			buildActionMask = 2147483647;
			files = (
				B16660252123BD7B00526DFF /* TaskBuddyBeta1Tests.swift in Sources */,
			);
			runOnlyForDeploymentPostprocessing = 0;
		};
		B16660272123BD7B00526DFF /* Sources */ = {
			isa = PBXSourcesBuildPhase;
			buildActionMask = 2147483647;
			files = (
				B16660302123BD7B00526DFF /* TaskBuddyBeta1UITests.swift in Sources */,
			);
			runOnlyForDeploymentPostprocessing = 0;
		};
/* End PBXSourcesBuildPhase section */

/* Begin PBXTargetDependency section */
		B16660222123BD7B00526DFF /* PBXTargetDependency */ = {
			isa = PBXTargetDependency;
			target = B16660082123BD7900526DFF /* TaskBuddyBeta1 */;
			targetProxy = B16660212123BD7B00526DFF /* PBXContainerItemProxy */;
		};
		B166602D2123BD7B00526DFF /* PBXTargetDependency */ = {
			isa = PBXTargetDependency;
			target = B16660082123BD7900526DFF /* TaskBuddyBeta1 */;
			targetProxy = B166602C2123BD7B00526DFF /* PBXContainerItemProxy */;
		};
/* End PBXTargetDependency section */

/* Begin PBXVariantGroup section */
		B16660102123BD7900526DFF /* Main.storyboard */ = {
			isa = PBXVariantGroup;
			children = (
				B16660112123BD7900526DFF /* Base */,
			);
			name = Main.storyboard;
			sourceTree = "<group>";
		};
		B16660182123BD7B00526DFF /* LaunchScreen.storyboard */ = {
			isa = PBXVariantGroup;
			children = (
				B16660192123BD7B00526DFF /* Base */,
			);
			name = LaunchScreen.storyboard;
			sourceTree = "<group>";
		};
/* End PBXVariantGroup section */

/* Begin XCBuildConfiguration section */
		B16660322123BD7B00526DFF /* Debug */ = {
			isa = XCBuildConfiguration;
			buildSettings = {
				ALWAYS_SEARCH_USER_PATHS = NO;
				CLANG_ANALYZER_NONNULL = YES;
				CLANG_ANALYZER_NUMBER_OBJECT_CONVERSION = YES_AGGRESSIVE;
				CLANG_CXX_LANGUAGE_STANDARD = "gnu++14";
				CLANG_CXX_LIBRARY = "libc++";
				CLANG_ENABLE_MODULES = YES;
				CLANG_ENABLE_OBJC_ARC = YES;
				CLANG_ENABLE_OBJC_WEAK = YES;
				CLANG_WARN_BLOCK_CAPTURE_AUTORELEASING = YES;
				CLANG_WARN_BOOL_CONVERSION = YES;
				CLANG_WARN_COMMA = YES;
				CLANG_WARN_CONSTANT_CONVERSION = YES;
				CLANG_WARN_DEPRECATED_OBJC_IMPLEMENTATIONS = YES;
				CLANG_WARN_DIRECT_OBJC_ISA_USAGE = YES_ERROR;
				CLANG_WARN_DOCUMENTATION_COMMENTS = YES;
				CLANG_WARN_EMPTY_BODY = YES;
				CLANG_WARN_ENUM_CONVERSION = YES;
				CLANG_WARN_INFINITE_RECURSION = YES;
				CLANG_WARN_INT_CONVERSION = YES;
				CLANG_WARN_NON_LITERAL_NULL_CONVERSION = YES;
				CLANG_WARN_OBJC_IMPLICIT_RETAIN_SELF = YES;
				CLANG_WARN_OBJC_LITERAL_CONVERSION = YES;
				CLANG_WARN_OBJC_ROOT_CLASS = YES_ERROR;
				CLANG_WARN_RANGE_LOOP_ANALYSIS = YES;
				CLANG_WARN_STRICT_PROTOTYPES = YES;
				CLANG_WARN_SUSPICIOUS_MOVE = YES;
				CLANG_WARN_UNGUARDED_AVAILABILITY = YES_AGGRESSIVE;
				CLANG_WARN_UNREACHABLE_CODE = YES;
				CLANG_WARN__DUPLICATE_METHOD_MATCH = YES;
				CODE_SIGN_IDENTITY = "iPhone Developer";
				COPY_PHASE_STRIP = NO;
				DEBUG_INFORMATION_FORMAT = dwarf;
				ENABLE_STRICT_OBJC_MSGSEND = YES;
				ENABLE_TESTABILITY = YES;
				GCC_C_LANGUAGE_STANDARD = gnu11;
				GCC_DYNAMIC_NO_PIC = NO;
				GCC_NO_COMMON_BLOCKS = YES;
				GCC_OPTIMIZATION_LEVEL = 0;
				GCC_PREPROCESSOR_DEFINITIONS = (
					"DEBUG=1",
					"$(inherited)",
				);
				GCC_WARN_64_TO_32_BIT_CONVERSION = YES;
				GCC_WARN_ABOUT_RETURN_TYPE = YES_ERROR;
				GCC_WARN_UNDECLARED_SELECTOR = YES;
				GCC_WARN_UNINITIALIZED_AUTOS = YES_AGGRESSIVE;
				GCC_WARN_UNUSED_FUNCTION = YES;
				GCC_WARN_UNUSED_VARIABLE = YES;
				IPHONEOS_DEPLOYMENT_TARGET = 11.4;
				MTL_ENABLE_DEBUG_INFO = YES;
				ONLY_ACTIVE_ARCH = YES;
				SDKROOT = iphoneos;
				SWIFT_ACTIVE_COMPILATION_CONDITIONS = DEBUG;
				SWIFT_OPTIMIZATION_LEVEL = "-Onone";
			};
			name = Debug;
		};
		B16660332123BD7B00526DFF /* Release */ = {
			isa = XCBuildConfiguration;
			buildSettings = {
				ALWAYS_SEARCH_USER_PATHS = NO;
				CLANG_ANALYZER_NONNULL = YES;
				CLANG_ANALYZER_NUMBER_OBJECT_CONVERSION = YES_AGGRESSIVE;
				CLANG_CXX_LANGUAGE_STANDARD = "gnu++14";
				CLANG_CXX_LIBRARY = "libc++";
				CLANG_ENABLE_MODULES = YES;
				CLANG_ENABLE_OBJC_ARC = YES;
				CLANG_ENABLE_OBJC_WEAK = YES;
				CLANG_WARN_BLOCK_CAPTURE_AUTORELEASING = YES;
				CLANG_WARN_BOOL_CONVERSION = YES;
				CLANG_WARN_COMMA = YES;
				CLANG_WARN_CONSTANT_CONVERSION = YES;
				CLANG_WARN_DEPRECATED_OBJC_IMPLEMENTATIONS = YES;
				CLANG_WARN_DIRECT_OBJC_ISA_USAGE = YES_ERROR;
				CLANG_WARN_DOCUMENTATION_COMMENTS = YES;
				CLANG_WARN_EMPTY_BODY = YES;
				CLANG_WARN_ENUM_CONVERSION = YES;
				CLANG_WARN_INFINITE_RECURSION = YES;
				CLANG_WARN_INT_CONVERSION = YES;
				CLANG_WARN_NON_LITERAL_NULL_CONVERSION = YES;
				CLANG_WARN_OBJC_IMPLICIT_RETAIN_SELF = YES;
				CLANG_WARN_OBJC_LITERAL_CONVERSION = YES;
				CLANG_WARN_OBJC_ROOT_CLASS = YES_ERROR;
				CLANG_WARN_RANGE_LOOP_ANALYSIS = YES;
				CLANG_WARN_STRICT_PROTOTYPES = YES;
				CLANG_WARN_SUSPICIOUS_MOVE = YES;
				CLANG_WARN_UNGUARDED_AVAILABILITY = YES_AGGRESSIVE;
				CLANG_WARN_UNREACHABLE_CODE = YES;
				CLANG_WARN__DUPLICATE_METHOD_MATCH = YES;
				CODE_SIGN_IDENTITY = "iPhone Developer";
				COPY_PHASE_STRIP = NO;
				DEBUG_INFORMATION_FORMAT = "dwarf-with-dsym";
				ENABLE_NS_ASSERTIONS = NO;
				ENABLE_STRICT_OBJC_MSGSEND = YES;
				GCC_C_LANGUAGE_STANDARD = gnu11;
				GCC_NO_COMMON_BLOCKS = YES;
				GCC_WARN_64_TO_32_BIT_CONVERSION = YES;
				GCC_WARN_ABOUT_RETURN_TYPE = YES_ERROR;
				GCC_WARN_UNDECLARED_SELECTOR = YES;
				GCC_WARN_UNINITIALIZED_AUTOS = YES_AGGRESSIVE;
				GCC_WARN_UNUSED_FUNCTION = YES;
				GCC_WARN_UNUSED_VARIABLE = YES;
				IPHONEOS_DEPLOYMENT_TARGET = 11.4;
				MTL_ENABLE_DEBUG_INFO = NO;
				SDKROOT = iphoneos;
				SWIFT_COMPILATION_MODE = wholemodule;
				SWIFT_OPTIMIZATION_LEVEL = "-O";
				VALIDATE_PRODUCT = YES;
			};
			name = Release;
		};
		B16660352123BD7B00526DFF /* Debug */ = {
			isa = XCBuildConfiguration;
			buildSettings = {
				ASSETCATALOG_COMPILER_APPICON_NAME = AppIcon;
				CODE_SIGN_STYLE = Automatic;
				INFOPLIST_FILE = TaskBuddyBeta1/Info.plist;
				LD_RUNPATH_SEARCH_PATHS = (
					"$(inherited)",
					"@executable_path/Frameworks",
				);
				PRODUCT_BUNDLE_IDENTIFIER = com.grouchybartender.TaskBuddyBeta1;
				PRODUCT_NAME = "$(TARGET_NAME)";
				SWIFT_VERSION = 4.0;
				TARGETED_DEVICE_FAMILY = "1,2";
			};
			name = Debug;
		};
		B16660362123BD7B00526DFF /* Release */ = {
			isa = XCBuildConfiguration;
			buildSettings = {
				ASSETCATALOG_COMPILER_APPICON_NAME = AppIcon;
				CODE_SIGN_STYLE = Automatic;
				INFOPLIST_FILE = TaskBuddyBeta1/Info.plist;
				LD_RUNPATH_SEARCH_PATHS = (
					"$(inherited)",
					"@executable_path/Frameworks",
				);
				PRODUCT_BUNDLE_IDENTIFIER = com.grouchybartender.TaskBuddyBeta1;
				PRODUCT_NAME = "$(TARGET_NAME)";
				SWIFT_VERSION = 4.0;
				TARGETED_DEVICE_FAMILY = "1,2";
			};
			name = Release;
		};
		B16660382123BD7B00526DFF /* Debug */ = {
			isa = XCBuildConfiguration;
			buildSettings = {
				ALWAYS_EMBED_SWIFT_STANDARD_LIBRARIES = YES;
				BUNDLE_LOADER = "$(TEST_HOST)";
				CODE_SIGN_STYLE = Automatic;
				INFOPLIST_FILE = TaskBuddyBeta1Tests/Info.plist;
				LD_RUNPATH_SEARCH_PATHS = (
					"$(inherited)",
					"@executable_path/Frameworks",
					"@loader_path/Frameworks",
				);
				PRODUCT_BUNDLE_IDENTIFIER = com.grouchybartender.TaskBuddyBeta1Tests;
				PRODUCT_NAME = "$(TARGET_NAME)";
				SWIFT_VERSION = 4.0;
				TARGETED_DEVICE_FAMILY = "1,2";
				TEST_HOST = "$(BUILT_PRODUCTS_DIR)/TaskBuddyBeta1.app/TaskBuddyBeta1";
			};
			name = Debug;
		};
		B16660392123BD7B00526DFF /* Release */ = {
			isa = XCBuildConfiguration;
			buildSettings = {
				ALWAYS_EMBED_SWIFT_STANDARD_LIBRARIES = YES;
				BUNDLE_LOADER = "$(TEST_HOST)";
				CODE_SIGN_STYLE = Automatic;
				INFOPLIST_FILE = TaskBuddyBeta1Tests/Info.plist;
				LD_RUNPATH_SEARCH_PATHS = (
					"$(inherited)",
					"@executable_path/Frameworks",
					"@loader_path/Frameworks",
				);
				PRODUCT_BUNDLE_IDENTIFIER = com.grouchybartender.TaskBuddyBeta1Tests;
				PRODUCT_NAME = "$(TARGET_NAME)";
				SWIFT_VERSION = 4.0;
				TARGETED_DEVICE_FAMILY = "1,2";
				TEST_HOST = "$(BUILT_PRODUCTS_DIR)/TaskBuddyBeta1.app/TaskBuddyBeta1";
			};
			name = Release;
		};
		B166603B2123BD7B00526DFF /* Debug */ = {
			isa = XCBuildConfiguration;
			buildSettings = {
				ALWAYS_EMBED_SWIFT_STANDARD_LIBRARIES = YES;
				CODE_SIGN_STYLE = Automatic;
				INFOPLIST_FILE = TaskBuddyBeta1UITests/Info.plist;
				LD_RUNPATH_SEARCH_PATHS = (
					"$(inherited)",
					"@executable_path/Frameworks",
					"@loader_path/Frameworks",
				);
				PRODUCT_BUNDLE_IDENTIFIER = com.grouchybartender.TaskBuddyBeta1UITests;
				PRODUCT_NAME = "$(TARGET_NAME)";
				SWIFT_VERSION = 4.0;
				TARGETED_DEVICE_FAMILY = "1,2";
				TEST_TARGET_NAME = TaskBuddyBeta1;
			};
			name = Debug;
		};
		B166603C2123BD7B00526DFF /* Release */ = {
			isa = XCBuildConfiguration;
			buildSettings = {
				ALWAYS_EMBED_SWIFT_STANDARD_LIBRARIES = YES;
				CODE_SIGN_STYLE = Automatic;
				INFOPLIST_FILE = TaskBuddyBeta1UITests/Info.plist;
				LD_RUNPATH_SEARCH_PATHS = (
					"$(inherited)",
					"@executable_path/Frameworks",
					"@loader_path/Frameworks",
				);
				PRODUCT_BUNDLE_IDENTIFIER = com.grouchybartender.TaskBuddyBeta1UITests;
				PRODUCT_NAME = "$(TARGET_NAME)";
				SWIFT_VERSION = 4.0;
				TARGETED_DEVICE_FAMILY = "1,2";
				TEST_TARGET_NAME = TaskBuddyBeta1;
			};
			name = Release;
		};
/* End XCBuildConfiguration section */

/* Begin XCConfigurationList section */
		B16660042123BD7900526DFF /* Build configuration list for PBXProject "TaskBuddyBeta1" */ = {
			isa = XCConfigurationList;
			buildConfigurations = (
				B16660322123BD7B00526DFF /* Debug */,
				B16660332123BD7B00526DFF /* Release */,
			);
			defaultConfigurationIsVisible = 0;
			defaultConfigurationName = Release;
		};
		B16660342123BD7B00526DFF /* Build configuration list for PBXNativeTarget "TaskBuddyBeta1" */ = {
			isa = XCConfigurationList;
			buildConfigurations = (
				B16660352123BD7B00526DFF /* Debug */,
				B16660362123BD7B00526DFF /* Release */,
			);
			defaultConfigurationIsVisible = 0;
			defaultConfigurationName = Release;
		};
		B16660372123BD7B00526DFF /* Build configuration list for PBXNativeTarget "TaskBuddyBeta1Tests" */ = {
			isa = XCConfigurationList;
			buildConfigurations = (
				B16660382123BD7B00526DFF /* Debug */,
				B16660392123BD7B00526DFF /* Release */,
			);
			defaultConfigurationIsVisible = 0;
			defaultConfigurationName = Release;
		};
		B166603A2123BD7B00526DFF /* Build configuration list for PBXNativeTarget "TaskBuddyBeta1UITests" */ = {
			isa = XCConfigurationList;
			buildConfigurations = (
				B166603B2123BD7B00526DFF /* Debug */,
				B166603C2123BD7B00526DFF /* Release */,
			);
			defaultConfigurationIsVisible = 0;
			defaultConfigurationName = Release;
		};
/* End XCConfigurationList section */

/* Begin XCVersionGroup section */
		B16660132123BD7900526DFF /* TaskBuddyBeta1.xcdatamodeld */ = {
			isa = XCVersionGroup;
			children = (
				B16660142123BD7900526DFF /* TaskBuddyBeta1.xcdatamodel */,
			);
			currentVersion = B16660142123BD7900526DFF /* TaskBuddyBeta1.xcdatamodel */;
			path = TaskBuddyBeta1.xcdatamodeld;
			sourceTree = "<group>";
			versionGroupType = wrapper.xcdatamodel;
		};
/* End XCVersionGroup section */
	};
	rootObject = B16660012123BD7900526DFF /* Project object */;
}
